
Microsoft Visual Studio Solution File, Format Version 12.00
Project("{FAE04EC0-301F-11D3-BF4B-00C04F79EFBC}") = "PokemonTranslator.Core", "src\PokemonTranslator.Core\PokemonTranslator.Core.csproj", "{0C780324-C93E-4AE1-8E0A-41C5E773FB64}"
EndProject
Project("{FAE04EC0-301F-11D3-BF4B-00C04F79EFBC}") = "PokemonTranslator.Infrastructure.PokeApi", "src\PokemonTranslator.Infrastructure.PokeApi\PokemonTranslator.Infrastructure.PokeApi.csproj", "{C0E1E655-4829-4F13-B8B7-38EB66118643}"
EndProject
Project("{FAE04EC0-301F-11D3-BF4B-00C04F79EFBC}") = "PokemonTranslator.Api", "src\PokemonTranslator.Api\PokemonTranslator.Api.csproj", "{F2870A8B-D2E1-4EA5-A060-9678D8BC9466}"
EndProject
Project("{FAE04EC0-301F-11D3-BF4B-00C04F79EFBC}") = "PokemonTranslator.Infrastructure", "src\PokemonTranslator.Infrastructure\PokemonTranslator.Infrastructure.csproj", "{EF0895D9-13E6-4660-8DA1-4BF0A4BAE05C}"
EndProject
Global
	GlobalSection(SolutionConfigurationPlatforms) = preSolution
		Debug|Any CPU = Debug|Any CPU
		Release|Any CPU = Release|Any CPU
	EndGlobalSection
	GlobalSection(ProjectConfigurationPlatforms) = postSolution
		{0C780324-C93E-4AE1-8E0A-41C5E773FB64}.Debug|Any CPU.ActiveCfg = Debug|Any CPU
		{0C780324-C93E-4AE1-8E0A-41C5E773FB64}.Debug|Any CPU.Build.0 = Debug|Any CPU
		{0C780324-C93E-4AE1-8E0A-41C5E773FB64}.Release|Any CPU.ActiveCfg = Release|Any CPU
		{0C780324-C93E-4AE1-8E0A-41C5E773FB64}.Release|Any CPU.Build.0 = Release|Any CPU
		{C0E1E655-4829-4F13-B8B7-38EB66118643}.Debug|Any CPU.ActiveCfg = Debug|Any CPU
		{C0E1E655-4829-4F13-B8B7-38EB66118643}.Debug|Any CPU.Build.0 = Debug|Any CPU
		{C0E1E655-4829-4F13-B8B7-38EB66118643}.Release|Any CPU.ActiveCfg = Release|Any CPU
		{C0E1E655-4829-4F13-B8B7-38EB66118643}.Release|Any CPU.Build.0 = Release|Any CPU
		{F2870A8B-D2E1-4EA5-A060-9678D8BC9466}.Debug|Any CPU.ActiveCfg = Debug|Any CPU
		{F2870A8B-D2E1-4EA5-A060-9678D8BC9466}.Debug|Any CPU.Build.0 = Debug|Any CPU
		{F2870A8B-D2E1-4EA5-A060-9678D8BC9466}.Release|Any CPU.ActiveCfg = Release|Any CPU
		{F2870A8B-D2E1-4EA5-A060-9678D8BC9466}.Release|Any CPU.Build.0 = Release|Any CPU
		{EF0895D9-13E6-4660-8DA1-4BF0A4BAE05C}.Debug|Any CPU.ActiveCfg = Debug|Any CPU
		{EF0895D9-13E6-4660-8DA1-4BF0A4BAE05C}.Debug|Any CPU.Build.0 = Debug|Any CPU
		{EF0895D9-13E6-4660-8DA1-4BF0A4BAE05C}.Release|Any CPU.ActiveCfg = Release|Any CPU
		{EF0895D9-13E6-4660-8DA1-4BF0A4BAE05C}.Release|Any CPU.Build.0 = Release|Any CPU
	EndGlobalSection
EndGlobal
